# This file is automatically @generated by Poetry 1.8.5 and should not be changed by hand.

[[package]]
name = "tomlkit"
version = "0.12.2"
description = "Style preserving TOML library"
optional = false
python-versions = ">=3.7"
files = [
    {file = "tomlkit-0.12.2-py3-none-any.whl", hash = "sha256:eeea7ac7563faeab0a1ed8fe12c2e5a51c61f933f2502f7e9db0241a65163ad0"},
    {file = "tomlkit-0.12.2.tar.gz", hash = "sha256:df32fab589a81f0d7dc525a4267b6d7a64ee99619cbd1eeb0fae32c1dd426977"},
]

[metadata]
lock-version = "2.0"
python-versions = "^3.10"
content-hash = "92a65571e1dc151da5f8ba74512e2c451a770e1157c6039d13349ec24ec39202"
